PODS:
  - Flutter (1.0.0)
  - geocoding_ios (1.0.5):
    - Flutter
  - location (0.0.1):
    - Flutter
  - permission_handler_apple (9.3.0):
    - Flutter

DEPENDENCIES:
  - Flutter (from `Flutter`)
  - geocoding_ios (from `.symlinks/plugins/geocoding_ios/ios`)
  - location (from `.symlinks/plugins/location/ios`)
  - permission_handler_apple (from `.symlinks/plugins/permission_handler_apple/ios`)

EXTERNAL SOURCES:
  Flutter:
    :path: Flutter
  geocoding_ios:
    :path: ".symlinks/plugins/geocoding_ios/ios"
  location:
    :path: ".symlinks/plugins/location/ios"
  permission_handler_apple:
    :path: ".symlinks/plugins/permission_handler_apple/ios"

SPEC CHECKSUMS:
  Flutter: e0871f40cf51350855a761d2e70bf5af5b9b5de7
  geocoding_ios: d7460f56e80e118d57678efe5c2cdc888739ff18
  location: d5cf8598915965547c3f36761ae9cc4f4e87d22e
  permission_handler_apple: 9878588469a2b0d0fc1e048d9f43605f92e6cec2

PODFILE CHECKSUM: d8c0db77329a967b5ffc7cf2f6913cc3d348981e

COCOAPODS: 1.12.1
